
Microsoft Visual Studio Solution File, Format Version 12.00
# Visual Studio Version 17
VisualStudioVersion = 17.5.2.0
MinimumVisualStudioVersion = 10.0.40219.1
Project("{FAE04EC0-301F-11D3-BF4B-00C04F79EFBC}") = "Sample101", "Sample101\Sample101.csproj", "{AF97FE80-3406-6B14-7201-EFB1CBC4210C}"
EndProject
Project("{FAE04EC0-301F-11D3-BF4B-00C04F79EFBC}") = "section7-class-object", "section7-class-object\section7-class-object.csproj", "{BD89C42A-31E8-75A6-BA02-AD1A0417E88F}"
EndProject
Project("{FAE04EC0-301F-11D3-BF4B-00C04F79EFBC}") = "section8-inheritance", "section8-inheritance\section8-inheritance.csproj", "{7A09F17F-A874-4B01-9E60-F191413DF61C}"
EndProject
Project("{FAE04EC0-301F-11D3-BF4B-00C04F79EFBC}") = "section8-practice", "section8-practice\section8-practice.csproj", "{8BB6C181-82F6-42AD-8572-D0050CD50D42}"
EndProject
Project("{FAE04EC0-301F-11D3-BF4B-00C04F79EFBC}") = "section9-generics", "section9-generics\section9-generics.csproj", "{1B61FF15-9441-48FA-AC36-A48FFEA8837D}"
EndProject
Project("{FAE04EC0-301F-11D3-BF4B-00C04F79EFBC}") = "section10-interface", "section10-interface\section10-interface.csproj", "{2FC38D1C-82EE-48B9-BFF6-9436270EEF86}"
EndProject
Project("{FAE04EC0-301F-11D3-BF4B-00C04F79EFBC}") = "section14-collection", "section14-collection\section14-collection.csproj", "{C667DDF9-FE25-4480-822F-256733F43CD2}"
EndProject
Global
	GlobalSection(SolutionConfigurationPlatforms) = preSolution
		Debug|Any CPU = Debug|Any CPU
		Debug|x64 = Debug|x64
		Debug|x86 = Debug|x86
		Release|Any CPU = Release|Any CPU
		Release|x64 = Release|x64
		Release|x86 = Release|x86
	EndGlobalSection
	GlobalSection(ProjectConfigurationPlatforms) = postSolution
		{AF97FE80-3406-6B14-7201-EFB1CBC4210C}.Debug|Any CPU.ActiveCfg = Debug|Any CPU
		{AF97FE80-3406-6B14-7201-EFB1CBC4210C}.Debug|Any CPU.Build.0 = Debug|Any CPU
		{AF97FE80-3406-6B14-7201-EFB1CBC4210C}.Debug|x64.ActiveCfg = Debug|Any CPU
		{AF97FE80-3406-6B14-7201-EFB1CBC4210C}.Debug|x64.Build.0 = Debug|Any CPU
		{AF97FE80-3406-6B14-7201-EFB1CBC4210C}.Debug|x86.ActiveCfg = Debug|Any CPU
		{AF97FE80-3406-6B14-7201-EFB1CBC4210C}.Debug|x86.Build.0 = Debug|Any CPU
		{AF97FE80-3406-6B14-7201-EFB1CBC4210C}.Release|Any CPU.ActiveCfg = Release|Any CPU
		{AF97FE80-3406-6B14-7201-EFB1CBC4210C}.Release|Any CPU.Build.0 = Release|Any CPU
		{AF97FE80-3406-6B14-7201-EFB1CBC4210C}.Release|x64.ActiveCfg = Release|Any CPU
		{AF97FE80-3406-6B14-7201-EFB1CBC4210C}.Release|x64.Build.0 = Release|Any CPU
		{AF97FE80-3406-6B14-7201-EFB1CBC4210C}.Release|x86.ActiveCfg = Release|Any CPU
		{AF97FE80-3406-6B14-7201-EFB1CBC4210C}.Release|x86.Build.0 = Release|Any CPU
		{BD89C42A-31E8-75A6-BA02-AD1A0417E88F}.Debug|Any CPU.ActiveCfg = Debug|Any CPU
		{BD89C42A-31E8-75A6-BA02-AD1A0417E88F}.Debug|Any CPU.Build.0 = Debug|Any CPU
		{BD89C42A-31E8-75A6-BA02-AD1A0417E88F}.Debug|x64.ActiveCfg = Debug|Any CPU
		{BD89C42A-31E8-75A6-BA02-AD1A0417E88F}.Debug|x64.Build.0 = Debug|Any CPU
		{BD89C42A-31E8-75A6-BA02-AD1A0417E88F}.Debug|x86.ActiveCfg = Debug|Any CPU
		{BD89C42A-31E8-75A6-BA02-AD1A0417E88F}.Debug|x86.Build.0 = Debug|Any CPU
		{BD89C42A-31E8-75A6-BA02-AD1A0417E88F}.Release|Any CPU.ActiveCfg = Release|Any CPU
		{BD89C42A-31E8-75A6-BA02-AD1A0417E88F}.Release|Any CPU.Build.0 = Release|Any CPU
		{BD89C42A-31E8-75A6-BA02-AD1A0417E88F}.Release|x64.ActiveCfg = Release|Any CPU
		{BD89C42A-31E8-75A6-BA02-AD1A0417E88F}.Release|x64.Build.0 = Release|Any CPU
		{BD89C42A-31E8-75A6-BA02-AD1A0417E88F}.Release|x86.ActiveCfg = Release|Any CPU
		{BD89C42A-31E8-75A6-BA02-AD1A0417E88F}.Release|x86.Build.0 = Release|Any CPU
		{7A09F17F-A874-4B01-9E60-F191413DF61C}.Debug|Any CPU.ActiveCfg = Debug|Any CPU
		{7A09F17F-A874-4B01-9E60-F191413DF61C}.Debug|Any CPU.Build.0 = Debug|Any CPU
		{7A09F17F-A874-4B01-9E60-F191413DF61C}.Debug|x64.ActiveCfg = Debug|Any CPU
		{7A09F17F-A874-4B01-9E60-F191413DF61C}.Debug|x64.Build.0 = Debug|Any CPU
		{7A09F17F-A874-4B01-9E60-F191413DF61C}.Debug|x86.ActiveCfg = Debug|Any CPU
		{7A09F17F-A874-4B01-9E60-F191413DF61C}.Debug|x86.Build.0 = Debug|Any CPU
		{7A09F17F-A874-4B01-9E60-F191413DF61C}.Release|Any CPU.ActiveCfg = Release|Any CPU
		{7A09F17F-A874-4B01-9E60-F191413DF61C}.Release|Any CPU.Build.0 = Release|Any CPU
		{7A09F17F-A874-4B01-9E60-F191413DF61C}.Release|x64.ActiveCfg = Release|Any CPU
		{7A09F17F-A874-4B01-9E60-F191413DF61C}.Release|x64.Build.0 = Release|Any CPU
		{7A09F17F-A874-4B01-9E60-F191413DF61C}.Release|x86.ActiveCfg = Release|Any CPU
		{7A09F17F-A874-4B01-9E60-F191413DF61C}.Release|x86.Build.0 = Release|Any CPU
		{8BB6C181-82F6-42AD-8572-D0050CD50D42}.Debug|Any CPU.ActiveCfg = Debug|Any CPU
		{8BB6C181-82F6-42AD-8572-D0050CD50D42}.Debug|Any CPU.Build.0 = Debug|Any CPU
		{8BB6C181-82F6-42AD-8572-D0050CD50D42}.Debug|x64.ActiveCfg = Debug|Any CPU
		{8BB6C181-82F6-42AD-8572-D0050CD50D42}.Debug|x64.Build.0 = Debug|Any CPU
		{8BB6C181-82F6-42AD-8572-D0050CD50D42}.Debug|x86.ActiveCfg = Debug|Any CPU
		{8BB6C181-82F6-42AD-8572-D0050CD50D42}.Debug|x86.Build.0 = Debug|Any CPU
		{8BB6C181-82F6-42AD-8572-D0050CD50D42}.Release|Any CPU.ActiveCfg = Release|Any CPU
		{8BB6C181-82F6-42AD-8572-D0050CD50D42}.Release|Any CPU.Build.0 = Release|Any CPU
		{8BB6C181-82F6-42AD-8572-D0050CD50D42}.Release|x64.ActiveCfg = Release|Any CPU
		{8BB6C181-82F6-42AD-8572-D0050CD50D42}.Release|x64.Build.0 = Release|Any CPU
		{8BB6C181-82F6-42AD-8572-D0050CD50D42}.Release|x86.ActiveCfg = Release|Any CPU
		{8BB6C181-82F6-42AD-8572-D0050CD50D42}.Release|x86.Build.0 = Release|Any CPU
		{1B61FF15-9441-48FA-AC36-A48FFEA8837D}.Debug|Any CPU.ActiveCfg = Debug|Any CPU
		{1B61FF15-9441-48FA-AC36-A48FFEA8837D}.Debug|Any CPU.Build.0 = Debug|Any CPU
		{1B61FF15-9441-48FA-AC36-A48FFEA8837D}.Debug|x64.ActiveCfg = Debug|Any CPU
		{1B61FF15-9441-48FA-AC36-A48FFEA8837D}.Debug|x64.Build.0 = Debug|Any CPU
		{1B61FF15-9441-48FA-AC36-A48FFEA8837D}.Debug|x86.ActiveCfg = Debug|Any CPU
		{1B61FF15-9441-48FA-AC36-A48FFEA8837D}.Debug|x86.Build.0 = Debug|Any CPU
		{1B61FF15-9441-48FA-AC36-A48FFEA8837D}.Release|Any CPU.ActiveCfg = Release|Any CPU
		{1B61FF15-9441-48FA-AC36-A48FFEA8837D}.Release|Any CPU.Build.0 = Release|Any CPU
		{1B61FF15-9441-48FA-AC36-A48FFEA8837D}.Release|x64.ActiveCfg = Release|Any CPU
		{1B61FF15-9441-48FA-AC36-A48FFEA8837D}.Release|x64.Build.0 = Release|Any CPU
		{1B61FF15-9441-48FA-AC36-A48FFEA8837D}.Release|x86.ActiveCfg = Release|Any CPU
		{1B61FF15-9441-48FA-AC36-A48FFEA8837D}.Release|x86.Build.0 = Release|Any CPU
		{2FC38D1C-82EE-48B9-BFF6-9436270EEF86}.Debug|Any CPU.ActiveCfg = Debug|Any CPU
		{2FC38D1C-82EE-48B9-BFF6-9436270EEF86}.Debug|Any CPU.Build.0 = Debug|Any CPU
		{2FC38D1C-82EE-48B9-BFF6-9436270EEF86}.Debug|x64.ActiveCfg = Debug|Any CPU
		{2FC38D1C-82EE-48B9-BFF6-9436270EEF86}.Debug|x64.Build.0 = Debug|Any CPU
		{2FC38D1C-82EE-48B9-BFF6-9436270EEF86}.Debug|x86.ActiveCfg = Debug|Any CPU
		{2FC38D1C-82EE-48B9-BFF6-9436270EEF86}.Debug|x86.Build.0 = Debug|Any CPU
		{2FC38D1C-82EE-48B9-BFF6-9436270EEF86}.Release|Any CPU.ActiveCfg = Release|Any CPU
		{2FC38D1C-82EE-48B9-BFF6-9436270EEF86}.Release|Any CPU.Build.0 = Release|Any CPU
		{2FC38D1C-82EE-48B9-BFF6-9436270EEF86}.Release|x64.ActiveCfg = Release|Any CPU
		{2FC38D1C-82EE-48B9-BFF6-9436270EEF86}.Release|x64.Build.0 = Release|Any CPU
		{2FC38D1C-82EE-48B9-BFF6-9436270EEF86}.Release|x86.ActiveCfg = Release|Any CPU
		{2FC38D1C-82EE-48B9-BFF6-9436270EEF86}.Release|x86.Build.0 = Release|Any CPU
		{C667DDF9-FE25-4480-822F-256733F43CD2}.Debug|Any CPU.ActiveCfg = Debug|Any CPU
		{C667DDF9-FE25-4480-822F-256733F43CD2}.Debug|Any CPU.Build.0 = Debug|Any CPU
		{C667DDF9-FE25-4480-822F-256733F43CD2}.Debug|x64.ActiveCfg = Debug|Any CPU
		{C667DDF9-FE25-4480-822F-256733F43CD2}.Debug|x64.Build.0 = Debug|Any CPU
		{C667DDF9-FE25-4480-822F-256733F43CD2}.Debug|x86.ActiveCfg = Debug|Any CPU
		{C667DDF9-FE25-4480-822F-256733F43CD2}.Debug|x86.Build.0 = Debug|Any CPU
		{C667DDF9-FE25-4480-822F-256733F43CD2}.Release|Any CPU.ActiveCfg = Release|Any CPU
		{C667DDF9-FE25-4480-822F-256733F43CD2}.Release|Any CPU.Build.0 = Release|Any CPU
		{C667DDF9-FE25-4480-822F-256733F43CD2}.Release|x64.ActiveCfg = Release|Any CPU
		{C667DDF9-FE25-4480-822F-256733F43CD2}.Release|x64.Build.0 = Release|Any CPU
		{C667DDF9-FE25-4480-822F-256733F43CD2}.Release|x86.ActiveCfg = Release|Any CPU
		{C667DDF9-FE25-4480-822F-256733F43CD2}.Release|x86.Build.0 = Release|Any CPU
	EndGlobalSection
	GlobalSection(SolutionProperties) = preSolution
		HideSolutionNode = FALSE
	EndGlobalSection
	GlobalSection(ExtensibilityGlobals) = postSolution
		SolutionGuid = {6EBE4B96-C206-4D5D-BA1A-790780980BF0}
	EndGlobalSection
EndGlobal
